
Microsoft Visual Studio Solution File, Format Version 12.00
# Visual Studio Version 17
VisualStudioVersion = 17.4.33213.308
MinimumVisualStudioVersion = 10.0.40219.1
Project("{FAE04EC0-301F-11D3-BF4B-00C04F79EFBC}") = "ChallengeApp", "ChallengeApp\ChallengeApp.csproj", "{284B6889-FDF9-45B0-9B5E-3798ADC74337}"
EndProject
Global
	GlobalSection(SolutionConfigurationPlatforms) = preSolution
		Debug|Any CPU = Debug|Any CPU
		Release|Any CPU = Release|Any CPU
	EndGlobalSection
	GlobalSection(ProjectConfigurationPlatforms) = postSolution
		{284B6889-FDF9-45B0-9B5E-3798ADC74337}.Debug|Any CPU.ActiveCfg = Debug|Any CPU
		{284B6889-FDF9-45B0-9B5E-3798ADC74337}.Debug|Any CPU.Build.0 = Debug|Any CPU
		{284B6889-FDF9-45B0-9B5E-3798ADC74337}.Release|Any CPU.ActiveCfg = Release|Any CPU
		{284B6889-FDF9-45B0-9B5E-3798ADC74337}.Release|Any CPU.Build.0 = Release|Any CPU
	EndGlobalSection
	GlobalSection(SolutionProperties) = preSolution
		HideSolutionNode = FALSE
	EndGlobalSection
	GlobalSection(ExtensibilityGlobals) = postSolution
		SolutionGuid = {20EE23C2-52BD-442F-8FD8-A3DE27661124}
	EndGlobalSection
EndGlobal
